{
  "name": "cligram-pixels",
  "lockfileVersion": 3,
  "requires": true,
  "packages": {
    "": {
      "name": "cligram-pixels",
      "dependencies": {
        "@fontsource/dejavu-mono": "5.3.0",
        "@fontsource/jetbrains-mono": "5.3.0",
        "@fontsource/noto-emoji": "5.3.2",
        "@fontsource/noto-sans-jp": "5.3.0",
        "@xterm/addon-unicode11": "0.9.0",
        "@xterm/addon-webgl": "0.19.0",
        "@xterm/xterm": "6.0.0",
        "playwright": "1.63.0"
      }
    },
    "node_modules/@fontsource/dejavu-mono": {
      "version": "5.3.0",
      "resolved": "https://registry.npmjs.org/@fontsource/dejavu-mono/-/dejavu-mono-5.3.0.tgz",
      "integrity": "sha512-TiW6o/iRt7rnm3c3ezO3V7mNDI6h2IYca1j8Krke5qebUUW9dXF+BFzXFgbCMyXBVfmUbYPmhOInEqdy9ZgblA==",
      "license": "OFL-1.1",
      "funding": {
        "url": "https://github.com/sponsors/ayuhito"
      }
    },
    "node_modules/@fontsource/jetbrains-mono": {
      "version": "5.3.0",
      "resolved": "https://registry.npmjs.org/@fontsource/jetbrains-mono/-/jetbrains-mono-5.3.0.tgz",
      "integrity": "sha512-fqDfB5I9f1p1TV486aUgB9t8zP84P0O1FtQR5Ol9vjwPy+S+EIGlVYm1cvj2W5shcZMTg2nZFdVMoH5wFu8a1A==",
      "license": "OFL-1.1",
      "funding": {
        "url": "https://github.com/sponsors/ayuhito"
      }
    },
    "node_modules/@fontsource/noto-emoji": {
      "version": "5.3.2",
      "resolved": "https://registry.npmjs.org/@fontsource/noto-emoji/-/noto-emoji-5.3.2.tgz",
      "integrity": "sha512-N9CSzXJB04AVWYvFbuBgL2Dq964Zo91th/uOu/QLSuWBYuL9FWXGcEo6ZNwc/IJ7vmpm8KHaIKD7jF8pYm4taw==",
      "license": "OFL-1.1",
      "funding": {
        "url": "https://github.com/sponsors/ayuhito"
      }
    },
    "node_modules/@fontsource/noto-sans-jp": {
      "version": "5.3.0",
      "resolved": "https://registry.npmjs.org/@fontsource/noto-sans-jp/-/noto-sans-jp-5.3.0.tgz",
      "integrity": "sha512-OZbBzZ8LrFRs2RFT2Cc0HUV2C2ZeSfyEXhDJWR0EZuZaraJfRubpvrFmUnCljuBDEkw8Vn6CE/+nf9dj9b+0lg==",
      "license": "OFL-1.1",
      "funding": {
        "url": "https://github.com/sponsors/ayuhito"
      }
    },
    "node_modules/@xterm/addon-unicode11": {
      "version": "0.9.0",
      "resolved": "https://registry.npmjs.org/@xterm/addon-unicode11/-/addon-unicode11-0.9.0.tgz",
      "integrity": "sha512-FxDnYcyuXhNl+XSqGZL/t0U9eiNb/q3EWT5rYkQT/zuig8Gz/VagnQANKHdDWFM2lTMk9ly0EFQxxxtZUoRetw==",
      "license": "MIT"
    },
    "node_modules/@xterm/addon-webgl": {
      "version": "0.19.0",
      "resolved": "https://registry.npmjs.org/@xterm/addon-webgl/-/addon-webgl-0.19.0.tgz",
      "integrity": "sha512-b3fMOsyLVuCeNJWxolACEUED0vm7qC0cy4wRvf3oURSzDTYVQiGPhTnhWZwIHdvC48Y+oLhvYXnY4XDXPoJo6A==",
      "license": "MIT"
    },
    "node_modules/@xterm/xterm": {
      "version": "6.0.0",
      "resolved": "https://registry.npmjs.org/@xterm/xterm/-/xterm-6.0.0.tgz",
      "integrity": "sha512-TQwDdQGtwwDt+2cgKDLn0IRaSxYu1tSUjgKarSDkUM0ZNiSRXFpjxEsvc/Zgc5kq5omJ+V0a8/kIM2WD3sMOYg==",
      "license": "MIT",
      "workspaces": [
        "addons/*"
      ]
    },
    "node_modules/playwright": {
      "version": "1.63.0",
      "resolved": "https://registry.npmjs.org/playwright/-/playwright-1.63.0.tgz",
      "integrity": "sha512-+7ziBLidS4NaNCdt57SUDT+wYmmd5fmiQejUic/kb+YsYSCPyOOE9sebzMjNmQrsnNpDJqd4WHvV/8lfKfUDUg==",
      "license": "Apache-2.0",
      "dependencies": {
        "playwright-core": "1.63.0"
      },
      "bin": {
        "playwright": "cli.js"
      },
      "engines": {
        "node": ">=20"
      }
    },
    "node_modules/playwright-core": {
      "version": "1.63.0",
      "resolved": "https://registry.npmjs.org/playwright-core/-/playwright-core-1.63.0.tgz",
      "integrity": "sha512-rYCsBF/M5HjUch52bbtVONEFjv6Xu8sm8h72dNlR5bzIE1fvC/bxgspzkjSfU+MweEMmPM8KJebG6nnyxo5mCg==",
      "license": "Apache-2.0",
      "bin": {
        "playwright-core": "cli.js"
      },
      "engines": {
        "node": ">=20"
      }
    }
  }
}
